
Microsoft Visual Studio Solution File, Format Version 12.00
# Visual Studio Version 17
VisualStudioVersion = 17.10.35004.147
MinimumVisualStudioVersion = 10.0.40219.1
Project("{FAE04EC0-301F-11D3-BF4B-00C04F79EFBC}") = "MongoDB.Demo", "MongoDB.Demo\MongoDB.Demo.csproj", "{4E8265D3-AE40-45BE-BC6A-B1E6A1C37C66}"
EndProject
Project("{FAE04EC0-301F-11D3-BF4B-00C04F79EFBC}") = "MongoDB.DependencyInjection", "MongoDB.DependencyInjection\MongoDB.DependencyInjection.csproj", "{94F784B0-9B96-48FB-969F-32724EC42B16}"
EndProject
Global
	GlobalSection(SolutionConfigurationPlatforms) = preSolution
		Debug|Any CPU = Debug|Any CPU
		Release|Any CPU = Release|Any CPU
	EndGlobalSection
	GlobalSection(ProjectConfigurationPlatforms) = postSolution
		{4E8265D3-AE40-45BE-BC6A-B1E6A1C37C66}.Debug|Any CPU.ActiveCfg = Debug|Any CPU
		{4E8265D3-AE40-45BE-BC6A-B1E6A1C37C66}.Debug|Any CPU.Build.0 = Debug|Any CPU
		{4E8265D3-AE40-45BE-BC6A-B1E6A1C37C66}.Release|Any CPU.ActiveCfg = Release|Any CPU
		{4E8265D3-AE40-45BE-BC6A-B1E6A1C37C66}.Release|Any CPU.Build.0 = Release|Any CPU
		{94F784B0-9B96-48FB-969F-32724EC42B16}.Debug|Any CPU.ActiveCfg = Debug|Any CPU
		{94F784B0-9B96-48FB-969F-32724EC42B16}.Debug|Any CPU.Build.0 = Debug|Any CPU
		{94F784B0-9B96-48FB-969F-32724EC42B16}.Release|Any CPU.ActiveCfg = Release|Any CPU
		{94F784B0-9B96-48FB-969F-32724EC42B16}.Release|Any CPU.Build.0 = Release|Any CPU
	EndGlobalSection
	GlobalSection(SolutionProperties) = preSolution
		HideSolutionNode = FALSE
	EndGlobalSection
	GlobalSection(ExtensibilityGlobals) = postSolution
		SolutionGuid = {597DEADA-9A60-45B8-A958-36F1B595070F}
	EndGlobalSection
EndGlobal
